
Microsoft Visual Studio Solution File, Format Version 12.00
# Visual Studio Version 16
VisualStudioVersion = 16.0.30711.63
MinimumVisualStudioVersion = 10.0.40219.1
Project("{FAE04EC0-301F-11D3-BF4B-00C04F79EFBC}") = "mvc_example", "mvc_example\mvc_example.csproj", "{11C092A4-A5BE-4226-8F26-2CF8019CB4CA}"
EndProject
Global
	GlobalSection(SolutionConfigurationPlatforms) = preSolution
		Debug|Any CPU = Debug|Any CPU
		Release|Any CPU = Release|Any CPU
	EndGlobalSection
	GlobalSection(ProjectConfigurationPlatforms) = postSolution
		{11C092A4-A5BE-4226-8F26-2CF8019CB4CA}.Debug|Any CPU.ActiveCfg = Debug|Any CPU
		{11C092A4-A5BE-4226-8F26-2CF8019CB4CA}.Debug|Any CPU.Build.0 = Debug|Any CPU
		{11C092A4-A5BE-4226-8F26-2CF8019CB4CA}.Release|Any CPU.ActiveCfg = Release|Any CPU
		{11C092A4-A5BE-4226-8F26-2CF8019CB4CA}.Release|Any CPU.Build.0 = Release|Any CPU
	EndGlobalSection
	GlobalSection(SolutionProperties) = preSolution
		HideSolutionNode = FALSE
	EndGlobalSection
	GlobalSection(ExtensibilityGlobals) = postSolution
		SolutionGuid = {909F94A3-35DC-4D8A-BC89-B6EA97116411}
	EndGlobalSection
EndGlobal
