
Microsoft Visual Studio Solution File, Format Version 12.00
# Visual Studio Version 16
VisualStudioVersion = 16.0.31005.135
MinimumVisualStudioVersion = 10.0.40219.1
Project("{FAE04EC0-301F-11D3-BF4B-00C04F79EFBC}") = "PIS_lr1b", "PIS_lr1b\PIS_lr1b.csproj", "{8EF7AC4F-9565-494C-9511-F8AAC4C4DCC9}"
EndProject
Global
	GlobalSection(SolutionConfigurationPlatforms) = preSolution
		Debug|Any CPU = Debug|Any CPU
		Release|Any CPU = Release|Any CPU
	EndGlobalSection
	GlobalSection(ProjectConfigurationPlatforms) = postSolution
		{8EF7AC4F-9565-494C-9511-F8AAC4C4DCC9}.Debug|Any CPU.ActiveCfg = Debug|Any CPU
		{8EF7AC4F-9565-494C-9511-F8AAC4C4DCC9}.Debug|Any CPU.Build.0 = Debug|Any CPU
		{8EF7AC4F-9565-494C-9511-F8AAC4C4DCC9}.Release|Any CPU.ActiveCfg = Release|Any CPU
		{8EF7AC4F-9565-494C-9511-F8AAC4C4DCC9}.Release|Any CPU.Build.0 = Release|Any CPU
	EndGlobalSection
	GlobalSection(SolutionProperties) = preSolution
		HideSolutionNode = FALSE
	EndGlobalSection
	GlobalSection(ExtensibilityGlobals) = postSolution
		SolutionGuid = {52BE0CB7-4E74-47E3-9D80-36D3E947BD10}
	EndGlobalSection
EndGlobal
