
Microsoft Visual Studio Solution File, Format Version 12.00
# Visual Studio Version 16
VisualStudioVersion = 16.0.30711.63
MinimumVisualStudioVersion = 10.0.40219.1
Project("{FAE04EC0-301F-11D3-BF4B-00C04F79EFBC}") = "LR5a", "LR5a\LR5a.csproj", "{793FA4D5-C3BD-4820-9594-36539EEA74A2}"
EndProject
Global
	GlobalSection(SolutionConfigurationPlatforms) = preSolution
		Debug|Any CPU = Debug|Any CPU
		Release|Any CPU = Release|Any CPU
	EndGlobalSection
	GlobalSection(ProjectConfigurationPlatforms) = postSolution
		{793FA4D5-C3BD-4820-9594-36539EEA74A2}.Debug|Any CPU.ActiveCfg = Debug|Any CPU
		{793FA4D5-C3BD-4820-9594-36539EEA74A2}.Debug|Any CPU.Build.0 = Debug|Any CPU
		{793FA4D5-C3BD-4820-9594-36539EEA74A2}.Release|Any CPU.ActiveCfg = Release|Any CPU
		{793FA4D5-C3BD-4820-9594-36539EEA74A2}.Release|Any CPU.Build.0 = Release|Any CPU
	EndGlobalSection
	GlobalSection(SolutionProperties) = preSolution
		HideSolutionNode = FALSE
	EndGlobalSection
	GlobalSection(ExtensibilityGlobals) = postSolution
		SolutionGuid = {D93423B3-7D24-4ABC-8FDA-777BAC9CB166}
	EndGlobalSection
EndGlobal
